
Microsoft Visual Studio Solution File, Format Version 12.00
# Visual Studio Version 16
VisualStudioVersion = 16.0.29418.71
MinimumVisualStudioVersion = 10.0.40219.1
Project("{9A19103F-16F7-4668-BE54-9A1E7A4F7556}") = "Domain", "Domain\Domain.csproj", "{CA7A854B-0C35-404D-8D1F-016AE2C36A7B}"
EndProject
Project("{9A19103F-16F7-4668-BE54-9A1E7A4F7556}") = "Infraestructure", "Infraestructure\Infraestructure.csproj", "{198B83EB-A33C-4242-8BB7-13BBE7F52E5D}"
EndProject
Project("{9A19103F-16F7-4668-BE54-9A1E7A4F7556}") = "Application", "Application\Application.csproj", "{39AFBEAD-32C7-4170-87B4-30DAC6792864}"
EndProject
Project("{FAE04EC0-301F-11D3-BF4B-00C04F79EFBC}") = "WebApi", "WebApi\WebApi.csproj", "{45B71EAA-B75C-4B2D-8BAA-EA9F53369F16}"
EndProject
Global
	GlobalSection(SolutionConfigurationPlatforms) = preSolution
		Debug|Any CPU = Debug|Any CPU
		Release|Any CPU = Release|Any CPU
	EndGlobalSection
	GlobalSection(ProjectConfigurationPlatforms) = postSolution
		{CA7A854B-0C35-404D-8D1F-016AE2C36A7B}.Debug|Any CPU.ActiveCfg = Debug|Any CPU
		{CA7A854B-0C35-404D-8D1F-016AE2C36A7B}.Debug|Any CPU.Build.0 = Debug|Any CPU
		{CA7A854B-0C35-404D-8D1F-016AE2C36A7B}.Release|Any CPU.ActiveCfg = Release|Any CPU
		{CA7A854B-0C35-404D-8D1F-016AE2C36A7B}.Release|Any CPU.Build.0 = Release|Any CPU
		{198B83EB-A33C-4242-8BB7-13BBE7F52E5D}.Debug|Any CPU.ActiveCfg = Debug|Any CPU
		{198B83EB-A33C-4242-8BB7-13BBE7F52E5D}.Debug|Any CPU.Build.0 = Debug|Any CPU
		{198B83EB-A33C-4242-8BB7-13BBE7F52E5D}.Release|Any CPU.ActiveCfg = Release|Any CPU
		{198B83EB-A33C-4242-8BB7-13BBE7F52E5D}.Release|Any CPU.Build.0 = Release|Any CPU
		{39AFBEAD-32C7-4170-87B4-30DAC6792864}.Debug|Any CPU.ActiveCfg = Debug|Any CPU
		{39AFBEAD-32C7-4170-87B4-30DAC6792864}.Debug|Any CPU.Build.0 = Debug|Any CPU
		{39AFBEAD-32C7-4170-87B4-30DAC6792864}.Release|Any CPU.ActiveCfg = Release|Any CPU
		{39AFBEAD-32C7-4170-87B4-30DAC6792864}.Release|Any CPU.Build.0 = Release|Any CPU
		{45B71EAA-B75C-4B2D-8BAA-EA9F53369F16}.Debug|Any CPU.ActiveCfg = Debug|Any CPU
		{45B71EAA-B75C-4B2D-8BAA-EA9F53369F16}.Debug|Any CPU.Build.0 = Debug|Any CPU
		{45B71EAA-B75C-4B2D-8BAA-EA9F53369F16}.Release|Any CPU.ActiveCfg = Release|Any CPU
		{45B71EAA-B75C-4B2D-8BAA-EA9F53369F16}.Release|Any CPU.Build.0 = Release|Any CPU
	EndGlobalSection
	GlobalSection(SolutionProperties) = preSolution
		HideSolutionNode = FALSE
	EndGlobalSection
	GlobalSection(ExtensibilityGlobals) = postSolution
		SolutionGuid = {792A9537-4A42-46A0-B4CA-DDA49ADBCA59}
	EndGlobalSection
EndGlobal
